
Microsoft Visual Studio Solution File, Format Version 12.00
# Visual Studio Version 16
VisualStudioVersion = 16.0.31025.194
MinimumVisualStudioVersion = 10.0.40219.1
Project("{FAE04EC0-301F-11D3-BF4B-00C04F79EFBC}") = "ClassMetotDemo", "ClassMetotDemo\ClassMetotDemo.csproj", "{5E6FD5D3-7AC2-4311-9C2B-1A9D3C6C6E2E}"
EndProject
Global
	GlobalSection(SolutionConfigurationPlatforms) = preSolution
		Debug|Any CPU = Debug|Any CPU
		Release|Any CPU = Release|Any CPU
	EndGlobalSection
	GlobalSection(ProjectConfigurationPlatforms) = postSolution
		{5E6FD5D3-7AC2-4311-9C2B-1A9D3C6C6E2E}.Debug|Any CPU.ActiveCfg = Debug|Any CPU
		{5E6FD5D3-7AC2-4311-9C2B-1A9D3C6C6E2E}.Debug|Any CPU.Build.0 = Debug|Any CPU
		{5E6FD5D3-7AC2-4311-9C2B-1A9D3C6C6E2E}.Release|Any CPU.ActiveCfg = Release|Any CPU
		{5E6FD5D3-7AC2-4311-9C2B-1A9D3C6C6E2E}.Release|Any CPU.Build.0 = Release|Any CPU
	EndGlobalSection
	GlobalSection(SolutionProperties) = preSolution
		HideSolutionNode = FALSE
	EndGlobalSection
	GlobalSection(ExtensibilityGlobals) = postSolution
		SolutionGuid = {CF6C9592-EFDC-469C-A1C8-443361964D87}
	EndGlobalSection
EndGlobal
